// !$*UTF8*$!
{
	archiveVersion = 1;
	classes = {
	};
	objectVersion = 50;
	objects = {

/* Begin PBXBuildFile section */
		3846CE832579708500FFCE6D /* AppDelegate.swift in Sources */ = {isa = PBXBuildFile; fileRef = 3846CE822579708500FFCE6D /* AppDelegate.swift */; };
		3846CE852579708500FFCE6D /* SceneDelegate.swift in Sources */ = {isa = PBXBuildFile; fileRef = 3846CE842579708500FFCE6D /* SceneDelegate.swift */; };
		3846CE872579708500FFCE6D /* ContentView.swift in Sources */ = {isa = PBXBuildFile; fileRef = 3846CE862579708500FFCE6D /* ContentView.swift */; };
		3846CE8A2579708500FFCE6D /* Pothole.xcdatamodeld in Sources */ = {isa = PBXBuildFile; fileRef = 3846CE882579708500FFCE6D /* Pothole.xcdatamodeld */; };
		3846CE8C2579708800FFCE6D /* Assets.xcassets in Resources */ = {isa = PBXBuildFile; fileRef = 3846CE8B2579708800FFCE6D /* Assets.xcassets */; };
		3846CE8F2579708800FFCE6D /* Preview Assets.xcassets in Resources */ = {isa = PBXBuildFile; fileRef = 3846CE8E2579708800FFCE6D /* Preview Assets.xcassets */; };
		3846CE922579708800FFCE6D /* LaunchScreen.storyboard in Resources */ = {isa = PBXBuildFile; fileRef = 3846CE902579708800FFCE6D /* LaunchScreen.storyboard */; };
		3846CE9D2579708800FFCE6D /* PotholeTests.swift in Sources */ = {isa = PBXBuildFile; fileRef = 3846CE9C2579708800FFCE6D /* PotholeTests.swift */; };
		3846CEA82579708800FFCE6D /* PotholeUITests.swift in Sources */ = {isa = PBXBuildFile; fileRef = 3846CEA72579708800FFCE6D /* PotholeUITests.swift */; };
		388B16BE257972AE00DE0EF7 /* MapView.swift in Sources */ = {isa = PBXBuildFile; fileRef = 388B16BD257972AE00DE0EF7 /* MapView.swift */; };
		388B16BF257972AE00DE0EF7 /* MapView.swift in Sources */ = {isa = PBXBuildFile; fileRef = 388B16BD257972AE00DE0EF7 /* MapView.swift */; };
		388B16C0257972AE00DE0EF7 /* MapView.swift in Sources */ = {isa = PBXBuildFile; fileRef = 388B16BD257972AE00DE0EF7 /* MapView.swift */; };
		388B16C6257974AB00DE0EF7 /* Location.swift in Sources */ = {isa = PBXBuildFile; fileRef = 388B16C5257974AB00DE0EF7 /* Location.swift */; };
		388B16C7257974AB00DE0EF7 /* Location.swift in Sources */ = {isa = PBXBuildFile; fileRef = 388B16C5257974AB00DE0EF7 /* Location.swift */; };
		388B16C8257974AB00DE0EF7 /* Location.swift in Sources */ = {isa = PBXBuildFile; fileRef = 388B16C5257974AB00DE0EF7 /* Location.swift */; };
		388B16D025797D4500DE0EF7 /* Extensions.swift in Sources */ = {isa = PBXBuildFile; fileRef = 388B16CF25797D4400DE0EF7 /* Extensions.swift */; };
		388B16D125797D4500DE0EF7 /* Extensions.swift in Sources */ = {isa = PBXBuildFile; fileRef = 388B16CF25797D4400DE0EF7 /* Extensions.swift */; };
		388B16D225797D4500DE0EF7 /* Extensions.swift in Sources */ = {isa = PBXBuildFile; fileRef = 388B16CF25797D4400DE0EF7 /* Extensions.swift */; };
		388B16D82579814900DE0EF7 /* LocationManager.swift in Sources */ = {isa = PBXBuildFile; fileRef = 388B16D72579814900DE0EF7 /* LocationManager.swift */; };
		388B16D92579814900DE0EF7 /* LocationManager.swift in Sources */ = {isa = PBXBuildFile; fileRef = 388B16D72579814900DE0EF7 /* LocationManager.swift */; };
		388B16DA2579814900DE0EF7 /* LocationManager.swift in Sources */ = {isa = PBXBuildFile; fileRef = 388B16D72579814900DE0EF7 /* LocationManager.swift */; };
		388B16E22579821500DE0EF7 /* LocationProtocols.swift in Sources */ = {isa = PBXBuildFile; fileRef = 388B16E12579821500DE0EF7 /* LocationProtocols.swift */; };
		388B16E32579821500DE0EF7 /* LocationProtocols.swift in Sources */ = {isa = PBXBuildFile; fileRef = 388B16E12579821500DE0EF7 /* LocationProtocols.swift */; };
		388B16E42579821500DE0EF7 /* LocationProtocols.swift in Sources */ = {isa = PBXBuildFile; fileRef = 388B16E12579821500DE0EF7 /* LocationProtocols.swift */; };
/* End PBXBuildFile section */

/* Begin PBXContainerItemProxy section */
		3846CE992579708800FFCE6D /* PBXContainerItemProxy */ = {
			isa = PBXContainerItemProxy;
			containerPortal = 3846CE772579708500FFCE6D /* Project object */;
			proxyType = 1;
			remoteGlobalIDString = 3846CE7E2579708500FFCE6D;
			remoteInfo = Pothole;
		};
		3846CEA42579708800FFCE6D /* PBXContainerItemProxy */ = {
			isa = PBXContainerItemProxy;
			containerPortal = 3846CE772579708500FFCE6D /* Project object */;
			proxyType = 1;
			remoteGlobalIDString = 3846CE7E2579708500FFCE6D;
			remoteInfo = Pothole;
		};
/* End PBXContainerItemProxy section */

/* Begin PBXFileReference section */
		3846CE7F2579708500FFCE6D /* Pothole.app */ = {isa = PBXFileReference; explicitFileType = wrapper.application; includeInIndex = 0; path = Pothole.app; sourceTree = BUILT_PRODUCTS_DIR; };
		3846CE822579708500FFCE6D /* AppDelegate.swift */ = {isa = PBXFileReference; lastKnownFileType = sourcecode.swift; path = AppDelegate.swift; sourceTree = "<group>"; };
		3846CE842579708500FFCE6D /* SceneDelegate.swift */ = {isa = PBXFileReference; lastKnownFileType = sourcecode.swift; path = SceneDelegate.swift; sourceTree = "<group>"; };
		3846CE862579708500FFCE6D /* ContentView.swift */ = {isa = PBXFileReference; lastKnownFileType = sourcecode.swift; path = ContentView.swift; sourceTree = "<group>"; };
		3846CE892579708500FFCE6D /* Pothole.xcdatamodel */ = {isa = PBXFileReference; lastKnownFileType = wrapper.xcdatamodel; path = Pothole.xcdatamodel; sourceTree = "<group>"; };
		3846CE8B2579708800FFCE6D /* Assets.xcassets */ = {isa = PBXFileReference; lastKnownFileType = folder.assetcatalog; path = Assets.xcassets; sourceTree = "<group>"; };
		3846CE8E2579708800FFCE6D /* Preview Assets.xcassets */ = {isa = PBXFileReference; lastKnownFileType = folder.assetcatalog; path = "Preview Assets.xcassets"; sourceTree = "<group>"; };
		3846CE912579708800FFCE6D /* Base */ = {isa = PBXFileReference; lastKnownFileType = file.storyboard; name = Base; path = Base.lproj/LaunchScreen.storyboard; sourceTree = "<group>"; };
		3846CE932579708800FFCE6D /* Info.plist */ = {isa = PBXFileReference; lastKnownFileType = text.plist.xml; path = Info.plist; sourceTree = "<group>"; };
		3846CE982579708800FFCE6D /* PotholeTests.xctest */ = {isa = PBXFileReference; explicitFileType = wrapper.cfbundle; includeInIndex = 0; path = PotholeTests.xctest; sourceTree = BUILT_PRODUCTS_DIR; };
		3846CE9C2579708800FFCE6D /* PotholeTests.swift */ = {isa = PBXFileReference; lastKnownFileType = sourcecode.swift; path = PotholeTests.swift; sourceTree = "<group>"; };
		3846CE9E2579708800FFCE6D /* Info.plist */ = {isa = PBXFileReference; lastKnownFileType = text.plist.xml; path = Info.plist; sourceTree = "<group>"; };
		3846CEA32579708800FFCE6D /* PotholeUITests.xctest */ = {isa = PBXFileReference; explicitFileType = wrapper.cfbundle; includeInIndex = 0; path = PotholeUITests.xctest; sourceTree = BUILT_PRODUCTS_DIR; };
		3846CEA72579708800FFCE6D /* PotholeUITests.swift */ = {isa = PBXFileReference; lastKnownFileType = sourcecode.swift; path = PotholeUITests.swift; sourceTree = "<group>"; };
		3846CEA92579708800FFCE6D /* Info.plist */ = {isa = PBXFileReference; lastKnownFileType = text.plist.xml; path = Info.plist; sourceTree = "<group>"; };
		388B16BD257972AE00DE0EF7 /* MapView.swift */ = {isa = PBXFileReference; lastKnownFileType = sourcecode.swift; path = MapView.swift; sourceTree = "<group>"; };
		388B16C5257974AB00DE0EF7 /* Location.swift */ = {isa = PBXFileReference; lastKnownFileType = sourcecode.swift; path = Location.swift; sourceTree = "<group>"; };
		388B16CF25797D4400DE0EF7 /* Extensions.swift */ = {isa = PBXFileReference; lastKnownFileType = sourcecode.swift; path = Extensions.swift; sourceTree = "<group>"; };
		388B16D72579814900DE0EF7 /* LocationManager.swift */ = {isa = PBXFileReference; lastKnownFileType = sourcecode.swift; path = LocationManager.swift; sourceTree = "<group>"; };
		388B16E12579821500DE0EF7 /* LocationProtocols.swift */ = {isa = PBXFileReference; lastKnownFileType = sourcecode.swift; path = LocationProtocols.swift; sourceTree = "<group>"; };
/* End PBXFileReference section */

/* Begin PBXFrameworksBuildPhase section */
		3846CE7C2579708500FFCE6D /* Frameworks */ = {
			isa = PBXFrameworksBuildPhase;
			buildActionMask = 2147483647;
			files = (
			);
			runOnlyForDeploymentPostprocessing = 0;
		};
		3846CE952579708800FFCE6D /* Frameworks */ = {
			isa = PBXFrameworksBuildPhase;
			buildActionMask = 2147483647;
			files = (
			);
			runOnlyForDeploymentPostprocessing = 0;
		};
		3846CEA02579708800FFCE6D /* Frameworks */ = {
			isa = PBXFrameworksBuildPhase;
			buildActionMask = 2147483647;
			files = (
			);
			runOnlyForDeploymentPostprocessing = 0;
		};
/* End PBXFrameworksBuildPhase section */

/* Begin PBXGroup section */
		3846CE762579708500FFCE6D = {
			isa = PBXGroup;
			children = (
				3846CE812579708500FFCE6D /* Pothole */,
				3846CE9B2579708800FFCE6D /* PotholeTests */,
				3846CEA62579708800FFCE6D /* PotholeUITests */,
				3846CE802579708500FFCE6D /* Products */,
			);
			sourceTree = "<group>";
		};
		3846CE802579708500FFCE6D /* Products */ = {
			isa = PBXGroup;
			children = (
				3846CE7F2579708500FFCE6D /* Pothole.app */,
				3846CE982579708800FFCE6D /* PotholeTests.xctest */,
				3846CEA32579708800FFCE6D /* PotholeUITests.xctest */,
			);
			name = Products;
			sourceTree = "<group>";
		};
		3846CE812579708500FFCE6D /* Pothole */ = {
			isa = PBXGroup;
			children = (
				388B16D62579812D00DE0EF7 /* Location */,
				388B16C42579748500DE0EF7 /* Model */,
				3846CEB8257970C200FFCE6D /* Map */,
				3846CE822579708500FFCE6D /* AppDelegate.swift */,
				3846CE842579708500FFCE6D /* SceneDelegate.swift */,
				3846CE862579708500FFCE6D /* ContentView.swift */,
				3846CE8B2579708800FFCE6D /* Assets.xcassets */,
				3846CE902579708800FFCE6D /* LaunchScreen.storyboard */,
				3846CE932579708800FFCE6D /* Info.plist */,
				3846CE882579708500FFCE6D /* Pothole.xcdatamodeld */,
				3846CE8D2579708800FFCE6D /* Preview Content */,
			);
			path = Pothole;
			sourceTree = "<group>";
		};
		3846CE8D2579708800FFCE6D /* Preview Content */ = {
			isa = PBXGroup;
			children = (
				3846CE8E2579708800FFCE6D /* Preview Assets.xcassets */,
			);
			path = "Preview Content";
			sourceTree = "<group>";
		};
		3846CE9B2579708800FFCE6D /* PotholeTests */ = {
			isa = PBXGroup;
			children = (
				3846CE9C2579708800FFCE6D /* PotholeTests.swift */,
				3846CE9E2579708800FFCE6D /* Info.plist */,
			);
			path = PotholeTests;
			sourceTree = "<group>";
		};
		3846CEA62579708800FFCE6D /* PotholeUITests */ = {
			isa = PBXGroup;
			children = (
				3846CEA72579708800FFCE6D /* PotholeUITests.swift */,
				3846CEA92579708800FFCE6D /* Info.plist */,
			);
			path = PotholeUITests;
			sourceTree = "<group>";
		};
		3846CEB8257970C200FFCE6D /* Map */ = {
			isa = PBXGroup;
			children = (
				388B16BD257972AE00DE0EF7 /* MapView.swift */,
				388B16CF25797D4400DE0EF7 /* Extensions.swift */,
			);
			path = Map;
			sourceTree = "<group>";
		};
		388B16C42579748500DE0EF7 /* Model */ = {
			isa = PBXGroup;
			children = (
				388B16C5257974AB00DE0EF7 /* Location.swift */,
			);
			path = Model;
			sourceTree = "<group>";
		};
		388B16D62579812D00DE0EF7 /* Location */ = {
			isa = PBXGroup;
			children = (
				388B16D72579814900DE0EF7 /* LocationManager.swift */,
				388B16E12579821500DE0EF7 /* LocationProtocols.swift */,
			);
			path = Location;
			sourceTree = "<group>";
		};
/* End PBXGroup section */

/* Begin PBXNativeTarget section */
		3846CE7E2579708500FFCE6D /* Pothole */ = {
			isa = PBXNativeTarget;
			buildConfigurationList = 3846CEAC2579708800FFCE6D /* Build configuration list for PBXNativeTarget "Pothole" */;
			buildPhases = (
				3846CE7B2579708500FFCE6D /* Sources */,
				3846CE7C2579708500FFCE6D /* Frameworks */,
				3846CE7D2579708500FFCE6D /* Resources */,
			);
			buildRules = (
			);
			dependencies = (
			);
			name = Pothole;
			productName = Pothole;
			productReference = 3846CE7F2579708500FFCE6D /* Pothole.app */;
			productType = "com.apple.product-type.application";
		};
		3846CE972579708800FFCE6D /* PotholeTests */ = {
			isa = PBXNativeTarget;
			buildConfigurationList = 3846CEAF2579708800FFCE6D /* Build configuration list for PBXNativeTarget "PotholeTests" */;
			buildPhases = (
				3846CE942579708800FFCE6D /* Sources */,
				3846CE952579708800FFCE6D /* Frameworks */,
				3846CE962579708800FFCE6D /* Resources */,
			);
			buildRules = (
			);
			dependencies = (
				3846CE9A2579708800FFCE6D /* PBXTargetDependency */,
			);
			name = PotholeTests;
			productName = PotholeTests;
			productReference = 3846CE982579708800FFCE6D /* PotholeTests.xctest */;
			productType = "com.apple.product-type.bundle.unit-test";
		};
		3846CEA22579708800FFCE6D /* PotholeUITests */ = {
			isa = PBXNativeTarget;
			buildConfigurationList = 3846CEB22579708800FFCE6D /* Build configuration list for PBXNativeTarget "PotholeUITests" */;
			buildPhases = (
				3846CE9F2579708800FFCE6D /* Sources */,
				3846CEA02579708800FFCE6D /* Frameworks */,
				3846CEA12579708800FFCE6D /* Resources */,
			);
			buildRules = (
			);
			dependencies = (
				3846CEA52579708800FFCE6D /* PBXTargetDependency */,
			);
			name = PotholeUITests;
			productName = PotholeUITests;
			productReference = 3846CEA32579708800FFCE6D /* PotholeUITests.xctest */;
			productType = "com.apple.product-type.bundle.ui-testing";
		};
/* End PBXNativeTarget section */

/* Begin PBXProject section */
		3846CE772579708500FFCE6D /* Project object */ = {
			isa = PBXProject;
			attributes = {
				LastSwiftUpdateCheck = 1220;
				LastUpgradeCheck = 1220;
				TargetAttributes = {
					3846CE7E2579708500FFCE6D = {
						CreatedOnToolsVersion = 12.2;
					};
					3846CE972579708800FFCE6D = {
						CreatedOnToolsVersion = 12.2;
						TestTargetID = 3846CE7E2579708500FFCE6D;
					};
					3846CEA22579708800FFCE6D = {
						CreatedOnToolsVersion = 12.2;
						TestTargetID = 3846CE7E2579708500FFCE6D;
					};
				};
			};
			buildConfigurationList = 3846CE7A2579708500FFCE6D /* Build configuration list for PBXProject "Pothole" */;
			compatibilityVersion = "Xcode 9.3";
			developmentRegion = en;
			hasScannedForEncodings = 0;
			knownRegions = (
				en,
				Base,
			);
			mainGroup = 3846CE762579708500FFCE6D;
			productRefGroup = 3846CE802579708500FFCE6D /* Products */;
			projectDirPath = "";
			projectRoot = "";
			targets = (
				3846CE7E2579708500FFCE6D /* Pothole */,
				3846CE972579708800FFCE6D /* PotholeTests */,
				3846CEA22579708800FFCE6D /* PotholeUITests */,
			);
		};
/* End PBXProject section */

/* Begin PBXResourcesBuildPhase section */
		3846CE7D2579708500FFCE6D /* Resources */ = {
			isa = PBXResourcesBuildPhase;
			buildActionMask = 2147483647;
			files = (
				3846CE922579708800FFCE6D /* LaunchScreen.storyboard in Resources */,
				3846CE8F2579708800FFCE6D /* Preview Assets.xcassets in Resources */,
				3846CE8C2579708800FFCE6D /* Assets.xcassets in Resources */,
			);
			runOnlyForDeploymentPostprocessing = 0;
		};
		3846CE962579708800FFCE6D /* Resources */ = {
			isa = PBXResourcesBuildPhase;
			buildActionMask = 2147483647;
			files = (
			);
			runOnlyForDeploymentPostprocessing = 0;
		};
		3846CEA12579708800FFCE6D /* Resources */ = {
			isa = PBXResourcesBuildPhase;
			buildActionMask = 2147483647;
			files = (
			);
			runOnlyForDeploymentPostprocessing = 0;
		};
/* End PBXResourcesBuildPhase section */

/* Begin PBXSourcesBuildPhase section */
		3846CE7B2579708500FFCE6D /* Sources */ = {
			isa = PBXSourcesBuildPhase;
			buildActionMask = 2147483647;
			files = (
				3846CE832579708500FFCE6D /* AppDelegate.swift in Sources */,
				3846CE852579708500FFCE6D /* SceneDelegate.swift in Sources */,
				388B16D82579814900DE0EF7 /* LocationManager.swift in Sources */,
				388B16E22579821500DE0EF7 /* LocationProtocols.swift in Sources */,
				388B16BE257972AE00DE0EF7 /* MapView.swift in Sources */,
				3846CE872579708500FFCE6D /* ContentView.swift in Sources */,
				388B16C6257974AB00DE0EF7 /* Location.swift in Sources */,
				3846CE8A2579708500FFCE6D /* Pothole.xcdatamodeld in Sources */,
				388B16D025797D4500DE0EF7 /* Extensions.swift in Sources */,
			);
			runOnlyForDeploymentPostprocessing = 0;
		};
		3846CE942579708800FFCE6D /* Sources */ = {
			isa = PBXSourcesBuildPhase;
			buildActionMask = 2147483647;
			files = (
				388B16E32579821500DE0EF7 /* LocationProtocols.swift in Sources */,
				3846CE9D2579708800FFCE6D /* PotholeTests.swift in Sources */,
				388B16C7257974AB00DE0EF7 /* Location.swift in Sources */,
				388B16D92579814900DE0EF7 /* LocationManager.swift in Sources */,
				388B16BF257972AE00DE0EF7 /* MapView.swift in Sources */,
				388B16D125797D4500DE0EF7 /* Extensions.swift in Sources */,
			);
			runOnlyForDeploymentPostprocessing = 0;
		};
		3846CE9F2579708800FFCE6D /* Sources */ = {
			isa = PBXSourcesBuildPhase;
			buildActionMask = 2147483647;
			files = (
				388B16E42579821500DE0EF7 /* LocationProtocols.swift in Sources */,
				3846CEA82579708800FFCE6D /* PotholeUITests.swift in Sources */,
				388B16C8257974AB00DE0EF7 /* Location.swift in Sources */,
				388B16DA2579814900DE0EF7 /* LocationManager.swift in Sources */,
				388B16C0257972AE00DE0EF7 /* MapView.swift in Sources */,
				388B16D225797D4500DE0EF7 /* Extensions.swift in Sources */,
			);
			runOnlyForDeploymentPostprocessing = 0;
		};
/* End PBXSourcesBuildPhase section */

/* Begin PBXTargetDependency section */
		3846CE9A2579708800FFCE6D /* PBXTargetDependency */ = {
			isa = PBXTargetDependency;
			target = 3846CE7E2579708500FFCE6D /* Pothole */;
			targetProxy = 3846CE992579708800FFCE6D /* PBXContainerItemProxy */;
		};
		3846CEA52579708800FFCE6D /* PBXTargetDependency */ = {
			isa = PBXTargetDependency;
			target = 3846CE7E2579708500FFCE6D /* Pothole */;
			targetProxy = 3846CEA42579708800FFCE6D /* PBXContainerItemProxy */;
		};
/* End PBXTargetDependency section */

/* Begin PBXVariantGroup section */
		3846CE902579708800FFCE6D /* LaunchScreen.storyboard */ = {
			isa = PBXVariantGroup;
			children = (
				3846CE912579708800FFCE6D /* Base */,
			);
			name = LaunchScreen.storyboard;
			sourceTree = "<group>";
		};
/* End PBXVariantGroup section */

/* Begin XCBuildConfiguration section */
		3846CEAA2579708800FFCE6D /* Debug */ = {
			isa = XCBuildConfiguration;
			buildSettings = {
				ALWAYS_SEARCH_USER_PATHS = NO;
				CLANG_ANALYZER_NONNULL = YES;
				CLANG_ANALYZER_NUMBER_OBJECT_CONVERSION = YES_AGGRESSIVE;
				CLANG_CXX_LANGUAGE_STANDARD = "gnu++14";
				CLANG_CXX_LIBRARY = "libc++";
				CLANG_ENABLE_MODULES = YES;
				CLANG_ENABLE_OBJC_ARC = YES;
				CLANG_ENABLE_OBJC_WEAK = YES;
				CLANG_WARN_BLOCK_CAPTURE_AUTORELEASING = YES;
				CLANG_WARN_BOOL_CONVERSION = YES;
				CLANG_WARN_COMMA = YES;
				CLANG_WARN_CONSTANT_CONVERSION = YES;
				CLANG_WARN_DEPRECATED_OBJC_IMPLEMENTATIONS = YES;
				CLANG_WARN_DIRECT_OBJC_ISA_USAGE = YES_ERROR;
				CLANG_WARN_DOCUMENTATION_COMMENTS = YES;
				CLANG_WARN_EMPTY_BODY = YES;
				CLANG_WARN_ENUM_CONVERSION = YES;
				CLANG_WARN_INFINITE_RECURSION = YES;
				CLANG_WARN_INT_CONVERSION = YES;
				CLANG_WARN_NON_LITERAL_NULL_CONVERSION = YES;
				CLANG_WARN_OBJC_IMPLICIT_RETAIN_SELF = YES;
				CLANG_WARN_OBJC_LITERAL_CONVERSION = YES;
				CLANG_WARN_OBJC_ROOT_CLASS = YES_ERROR;
				CLANG_WARN_QUOTED_INCLUDE_IN_FRAMEWORK_HEADER = YES;
				CLANG_WARN_RANGE_LOOP_ANALYSIS = YES;
				CLANG_WARN_STRICT_PROTOTYPES = YES;
				CLANG_WARN_SUSPICIOUS_MOVE = YES;
				CLANG_WARN_UNGUARDED_AVAILABILITY = YES_AGGRESSIVE;
				CLANG_WARN_UNREACHABLE_CODE = YES;
				CLANG_WARN__DUPLICATE_METHOD_MATCH = YES;
				COPY_PHASE_STRIP = NO;
				DEBUG_INFORMATION_FORMAT = dwarf;
				ENABLE_STRICT_OBJC_MSGSEND = YES;
				ENABLE_TESTABILITY = YES;
				GCC_C_LANGUAGE_STANDARD = gnu11;
				GCC_DYNAMIC_NO_PIC = NO;
				GCC_NO_COMMON_BLOCKS = YES;
				GCC_OPTIMIZATION_LEVEL = 0;
				GCC_PREPROCESSOR_DEFINITIONS = (
					"DEBUG=1",
					"$(inherited)",
				);
				GCC_WARN_64_TO_32_BIT_CONVERSION = YES;
				GCC_WARN_ABOUT_RETURN_TYPE = YES_ERROR;
				GCC_WARN_UNDECLARED_SELECTOR = YES;
				GCC_WARN_UNINITIALIZED_AUTOS = YES_AGGRESSIVE;
				GCC_WARN_UNUSED_FUNCTION = YES;
				GCC_WARN_UNUSED_VARIABLE = YES;
				IPHONEOS_DEPLOYMENT_TARGET = 14.2;
				MTL_ENABLE_DEBUG_INFO = INCLUDE_SOURCE;
				MTL_FAST_MATH = YES;
				ONLY_ACTIVE_ARCH = YES;
				SDKROOT = iphoneos;
				SWIFT_ACTIVE_COMPILATION_CONDITIONS = DEBUG;
				SWIFT_OPTIMIZATION_LEVEL = "-Onone";
			};
			name = Debug;
		};
		3846CEAB2579708800FFCE6D /* Release */ = {
			isa = XCBuildConfiguration;
			buildSettings = {
				ALWAYS_SEARCH_USER_PATHS = NO;
				CLANG_ANALYZER_NONNULL = YES;
				CLANG_ANALYZER_NUMBER_OBJECT_CONVERSION = YES_AGGRESSIVE;
				CLANG_CXX_LANGUAGE_STANDARD = "gnu++14";
				CLANG_CXX_LIBRARY = "libc++";
				CLANG_ENABLE_MODULES = YES;
				CLANG_ENABLE_OBJC_ARC = YES;
				CLANG_ENABLE_OBJC_WEAK = YES;
				CLANG_WARN_BLOCK_CAPTURE_AUTORELEASING = YES;
				CLANG_WARN_BOOL_CONVERSION = YES;
				CLANG_WARN_COMMA = YES;
				CLANG_WARN_CONSTANT_CONVERSION = YES;
				CLANG_WARN_DEPRECATED_OBJC_IMPLEMENTATIONS = YES;
				CLANG_WARN_DIRECT_OBJC_ISA_USAGE = YES_ERROR;
				CLANG_WARN_DOCUMENTATION_COMMENTS = YES;
				CLANG_WARN_EMPTY_BODY = YES;
				CLANG_WARN_ENUM_CONVERSION = YES;
				CLANG_WARN_INFINITE_RECURSION = YES;
				CLANG_WARN_INT_CONVERSION = YES;
				CLANG_WARN_NON_LITERAL_NULL_CONVERSION = YES;
				CLANG_WARN_OBJC_IMPLICIT_RETAIN_SELF = YES;
				CLANG_WARN_OBJC_LITERAL_CONVERSION = YES;
				CLANG_WARN_OBJC_ROOT_CLASS = YES_ERROR;
				CLANG_WARN_QUOTED_INCLUDE_IN_FRAMEWORK_HEADER = YES;
				CLANG_WARN_RANGE_LOOP_ANALYSIS = YES;
				CLANG_WARN_STRICT_PROTOTYPES = YES;
				CLANG_WARN_SUSPICIOUS_MOVE = YES;
				CLANG_WARN_UNGUARDED_AVAILABILITY = YES_AGGRESSIVE;
				CLANG_WARN_UNREACHABLE_CODE = YES;
				CLANG_WARN__DUPLICATE_METHOD_MATCH = YES;
				COPY_PHASE_STRIP = NO;
				DEBUG_INFORMATION_FORMAT = "dwarf-with-dsym";
				ENABLE_NS_ASSERTIONS = NO;
				ENABLE_STRICT_OBJC_MSGSEND = YES;
				GCC_C_LANGUAGE_STANDARD = gnu11;
				GCC_NO_COMMON_BLOCKS = YES;
				GCC_WARN_64_TO_32_BIT_CONVERSION = YES;
				GCC_WARN_ABOUT_RETURN_TYPE = YES_ERROR;
				GCC_WARN_UNDECLARED_SELECTOR = YES;
				GCC_WARN_UNINITIALIZED_AUTOS = YES_AGGRESSIVE;
				GCC_WARN_UNUSED_FUNCTION = YES;
				GCC_WARN_UNUSED_VARIABLE = YES;
				IPHONEOS_DEPLOYMENT_TARGET = 14.2;
				MTL_ENABLE_DEBUG_INFO = NO;
				MTL_FAST_MATH = YES;
				SDKROOT = iphoneos;
				SWIFT_COMPILATION_MODE = wholemodule;
				SWIFT_OPTIMIZATION_LEVEL = "-O";
				VALIDATE_PRODUCT = YES;
			};
			name = Release;
		};
		3846CEAD2579708800FFCE6D /* Debug */ = {
			isa = XCBuildConfiguration;
			buildSettings = {
				ASSETCATALOG_COMPILER_APPICON_NAME = AppIcon;
				ASSETCATALOG_COMPILER_GLOBAL_ACCENT_COLOR_NAME = AccentColor;
				CODE_SIGN_STYLE = Automatic;
				DEVELOPMENT_ASSET_PATHS = "\"Pothole/Preview Content\"";
				DEVELOPMENT_TEAM = W826MLMV45;
				ENABLE_PREVIEWS = YES;
				INFOPLIST_FILE = Pothole/Info.plist;
				LD_RUNPATH_SEARCH_PATHS = (
					"$(inherited)",
					"@executable_path/Frameworks",
				);
				PRODUCT_BUNDLE_IDENTIFIER = gjh.Pothole;
				PRODUCT_NAME = "$(TARGET_NAME)";
				SWIFT_VERSION = 5.0;
				TARGETED_DEVICE_FAMILY = "1,2";
			};
			name = Debug;
		};
		3846CEAE2579708800FFCE6D /* Release */ = {
			isa = XCBuildConfiguration;
			buildSettings = {
				ASSETCATALOG_COMPILER_APPICON_NAME = AppIcon;
				ASSETCATALOG_COMPILER_GLOBAL_ACCENT_COLOR_NAME = AccentColor;
				CODE_SIGN_STYLE = Automatic;
				DEVELOPMENT_ASSET_PATHS = "\"Pothole/Preview Content\"";
				DEVELOPMENT_TEAM = W826MLMV45;
				ENABLE_PREVIEWS = YES;
				INFOPLIST_FILE = Pothole/Info.plist;
				LD_RUNPATH_SEARCH_PATHS = (
					"$(inherited)",
					"@executable_path/Frameworks",
				);
				PRODUCT_BUNDLE_IDENTIFIER = gjh.Pothole;
				PRODUCT_NAME = "$(TARGET_NAME)";
				SWIFT_VERSION = 5.0;
				TARGETED_DEVICE_FAMILY = "1,2";
			};
			name = Release;
		};
		3846CEB02579708800FFCE6D /* Debug */ = {
			isa = XCBuildConfiguration;
			buildSettings = {
				ALWAYS_EMBED_SWIFT_STANDARD_LIBRARIES = YES;
				BUNDLE_LOADER = "$(TEST_HOST)";
				CODE_SIGN_STYLE = Automatic;
				DEVELOPMENT_TEAM = W826MLMV45;
				INFOPLIST_FILE = PotholeTests/Info.plist;
				IPHONEOS_DEPLOYMENT_TARGET = 14.2;
				LD_RUNPATH_SEARCH_PATHS = (
					"$(inherited)",
					"@executable_path/Frameworks",
					"@loader_path/Frameworks",
				);
				PRODUCT_BUNDLE_IDENTIFIER = gjh.PotholeTests;
				PRODUCT_NAME = "$(TARGET_NAME)";
				SWIFT_VERSION = 5.0;
				TARGETED_DEVICE_FAMILY = "1,2";
				TEST_HOST = "$(BUILT_PRODUCTS_DIR)/Pothole.app/Pothole";
			};
			name = Debug;
		};
		3846CEB12579708800FFCE6D /* Release */ = {
			isa = XCBuildConfiguration;
			buildSettings = {
				ALWAYS_EMBED_SWIFT_STANDARD_LIBRARIES = YES;
				BUNDLE_LOADER = "$(TEST_HOST)";
				CODE_SIGN_STYLE = Automatic;
				DEVELOPMENT_TEAM = W826MLMV45;
				INFOPLIST_FILE = PotholeTests/Info.plist;
				IPHONEOS_DEPLOYMENT_TARGET = 14.2;
				LD_RUNPATH_SEARCH_PATHS = (
					"$(inherited)",
					"@executable_path/Frameworks",
					"@loader_path/Frameworks",
				);
				PRODUCT_BUNDLE_IDENTIFIER = gjh.PotholeTests;
				PRODUCT_NAME = "$(TARGET_NAME)";
				SWIFT_VERSION = 5.0;
				TARGETED_DEVICE_FAMILY = "1,2";
				TEST_HOST = "$(BUILT_PRODUCTS_DIR)/Pothole.app/Pothole";
			};
			name = Release;
		};
		3846CEB32579708800FFCE6D /* Debug */ = {
			isa = XCBuildConfiguration;
			buildSettings = {
				ALWAYS_EMBED_SWIFT_STANDARD_LIBRARIES = YES;
				CODE_SIGN_STYLE = Automatic;
				DEVELOPMENT_TEAM = W826MLMV45;
				INFOPLIST_FILE = PotholeUITests/Info.plist;
				LD_RUNPATH_SEARCH_PATHS = (
					"$(inherited)",
					"@executable_path/Frameworks",
					"@loader_path/Frameworks",
				);
				PRODUCT_BUNDLE_IDENTIFIER = gjh.PotholeUITests;
				PRODUCT_NAME = "$(TARGET_NAME)";
				SWIFT_VERSION = 5.0;
				TARGETED_DEVICE_FAMILY = "1,2";
				TEST_TARGET_NAME = Pothole;
			};
			name = Debug;
		};
		3846CEB42579708800FFCE6D /* Release */ = {
			isa = XCBuildConfiguration;
			buildSettings = {
				ALWAYS_EMBED_SWIFT_STANDARD_LIBRARIES = YES;
				CODE_SIGN_STYLE = Automatic;
				DEVELOPMENT_TEAM = W826MLMV45;
				INFOPLIST_FILE = PotholeUITests/Info.plist;
				LD_RUNPATH_SEARCH_PATHS = (
					"$(inherited)",
					"@executable_path/Frameworks",
					"@loader_path/Frameworks",
				);
				PRODUCT_BUNDLE_IDENTIFIER = gjh.PotholeUITests;
				PRODUCT_NAME = "$(TARGET_NAME)";
				SWIFT_VERSION = 5.0;
				TARGETED_DEVICE_FAMILY = "1,2";
				TEST_TARGET_NAME = Pothole;
			};
			name = Release;
		};
/* End XCBuildConfiguration section */

/* Begin XCConfigurationList section */
		3846CE7A2579708500FFCE6D /* Build configuration list for PBXProject "Pothole" */ = {
			isa = XCConfigurationList;
			buildConfigurations = (
				3846CEAA2579708800FFCE6D /* Debug */,
				3846CEAB2579708800FFCE6D /* Release */,
			);
			defaultConfigurationIsVisible = 0;
			defaultConfigurationName = Release;
		};
		3846CEAC2579708800FFCE6D /* Build configuration list for PBXNativeTarget "Pothole" */ = {
			isa = XCConfigurationList;
			buildConfigurations = (
				3846CEAD2579708800FFCE6D /* Debug */,
				3846CEAE2579708800FFCE6D /* Release */,
			);
			defaultConfigurationIsVisible = 0;
			defaultConfigurationName = Release;
		};
		3846CEAF2579708800FFCE6D /* Build configuration list for PBXNativeTarget "PotholeTests" */ = {
			isa = XCConfigurationList;
			buildConfigurations = (
				3846CEB02579708800FFCE6D /* Debug */,
				3846CEB12579708800FFCE6D /* Release */,
			);
			defaultConfigurationIsVisible = 0;
			defaultConfigurationName = Release;
		};
		3846CEB22579708800FFCE6D /* Build configuration list for PBXNativeTarget "PotholeUITests" */ = {
			isa = XCConfigurationList;
			buildConfigurations = (
				3846CEB32579708800FFCE6D /* Debug */,
				3846CEB42579708800FFCE6D /* Release */,
			);
			defaultConfigurationIsVisible = 0;
			defaultConfigurationName = Release;
		};
/* End XCConfigurationList section */

/* Begin XCVersionGroup section */
		3846CE882579708500FFCE6D /* Pothole.xcdatamodeld */ = {
			isa = XCVersionGroup;
			children = (
				3846CE892579708500FFCE6D /* Pothole.xcdatamodel */,
			);
			currentVersion = 3846CE892579708500FFCE6D /* Pothole.xcdatamodel */;
			path = Pothole.xcdatamodeld;
			sourceTree = "<group>";
			versionGroupType = wrapper.xcdatamodel;
		};
/* End XCVersionGroup section */
	};
	rootObject = 3846CE772579708500FFCE6D /* Project object */;
}
